
Microsoft Visual Studio Solution File, Format Version 12.00
# Visual Studio Version 17
VisualStudioVersion = 17.6.33712.159
MinimumVisualStudioVersion = 10.0.40219.1
Project("{9A19103F-16F7-4668-BE54-9A1E7A4F7556}") = "AdbFileManager", "AdbFileManager\AdbFileManager.csproj", "{8A8ABD58-4202-42EC-B3C4-B780B646FAE8}"
EndProject
Global
	GlobalSection(SolutionConfigurationPlatforms) = preSolution
		Debug|Any CPU = Debug|Any CPU
		Debug|x64 = Debug|x64
		Release|Any CPU = Release|Any CPU
		Release|x64 = Release|x64
	EndGlobalSection
	GlobalSection(ProjectConfigurationPlatforms) = postSolution
		{8A8ABD58-4202-42EC-B3C4-B780B646FAE8}.Debug|Any CPU.ActiveCfg = Debug|Any CPU
		{8A8ABD58-4202-42EC-B3C4-B780B646FAE8}.Debug|Any CPU.Build.0 = Debug|Any CPU
		{8A8ABD58-4202-42EC-B3C4-B780B646FAE8}.Debug|x64.ActiveCfg = Debug|x64
		{8A8ABD58-4202-42EC-B3C4-B780B646FAE8}.Debug|x64.Build.0 = Debug|x64
		{8A8ABD58-4202-42EC-B3C4-B780B646FAE8}.Release|Any CPU.ActiveCfg = Release|Any CPU
		{8A8ABD58-4202-42EC-B3C4-B780B646FAE8}.Release|Any CPU.Build.0 = Release|Any CPU
		{8A8ABD58-4202-42EC-B3C4-B780B646FAE8}.Release|x64.ActiveCfg = Release|x64
		{8A8ABD58-4202-42EC-B3C4-B780B646FAE8}.Release|x64.Build.0 = Release|x64
	EndGlobalSection
	GlobalSection(SolutionProperties) = preSolution
		HideSolutionNode = FALSE
	EndGlobalSection
	GlobalSection(ExtensibilityGlobals) = postSolution
		SolutionGuid = {CB47F0E9-F574-445E-AA30-06C0AD4DE9FF}
	EndGlobalSection
EndGlobal
